// !$*UTF8*$!
{
	archiveVersion = 1;
	classes = {
	};
	objectVersion = 50;
	objects = {

/* Begin PBXBuildFile section */
		C2A9ACB926AF3E4C003D3AD8 /* AppDelegate.swift in Sources */ = {isa = PBXBuildFile; fileRef = C2A9ACB826AF3E4C003D3AD8 /* AppDelegate.swift */; };
		C2A9ACBB26AF3E4C003D3AD8 /* SceneDelegate.swift in Sources */ = {isa = PBXBuildFile; fileRef = C2A9ACBA26AF3E4C003D3AD8 /* SceneDelegate.swift */; };
		C2A9ACBD26AF3E4C003D3AD8 /* ViewController.swift in Sources */ = {isa = PBXBuildFile; fileRef = C2A9ACBC26AF3E4C003D3AD8 /* ViewController.swift */; };
		C2A9ACC026AF3E4C003D3AD8 /* Main.storyboard in Resources */ = {isa = PBXBuildFile; fileRef = C2A9ACBE26AF3E4C003D3AD8 /* Main.storyboard */; };
		C2A9ACC226AF3E4E003D3AD8 /* Assets.xcassets in Resources */ = {isa = PBXBuildFile; fileRef = C2A9ACC126AF3E4E003D3AD8 /* Assets.xcassets */; };
		C2A9ACC526AF3E4E003D3AD8 /* LaunchScreen.storyboard in Resources */ = {isa = PBXBuildFile; fileRef = C2A9ACC326AF3E4E003D3AD8 /* LaunchScreen.storyboard */; };
		C2A9ACD026AF3E4F003D3AD8 /* MarqueeScrollLabelTests.swift in Sources */ = {isa = PBXBuildFile; fileRef = C2A9ACCF26AF3E4F003D3AD8 /* MarqueeScrollLabelTests.swift */; };
		C2A9ACDB26AF3E4F003D3AD8 /* MarqueeScrollLabelUITests.swift in Sources */ = {isa = PBXBuildFile; fileRef = C2A9ACDA26AF3E4F003D3AD8 /* MarqueeScrollLabelUITests.swift */; };
		C2A9ACED26AF3F4A003D3AD8 /* MarqueeScrollLabel.swift in Sources */ = {isa = PBXBuildFile; fileRef = C2A9ACEC26AF3F4A003D3AD8 /* MarqueeScrollLabel.swift */; };
/* End PBXBuildFile section */

/* Begin PBXContainerItemProxy section */
		C2A9ACCC26AF3E4F003D3AD8 /* PBXContainerItemProxy */ = {
			isa = PBXContainerItemProxy;
			containerPortal = C2A9ACAD26AF3E4C003D3AD8 /* Project object */;
			proxyType = 1;
			remoteGlobalIDString = C2A9ACB426AF3E4C003D3AD8;
			remoteInfo = MarqueeScrollLabel;
		};
		C2A9ACD726AF3E4F003D3AD8 /* PBXContainerItemProxy */ = {
			isa = PBXContainerItemProxy;
			containerPortal = C2A9ACAD26AF3E4C003D3AD8 /* Project object */;
			proxyType = 1;
			remoteGlobalIDString = C2A9ACB426AF3E4C003D3AD8;
			remoteInfo = MarqueeScrollLabel;
		};
/* End PBXContainerItemProxy section */

/* Begin PBXFileReference section */
		C2A9ACB526AF3E4C003D3AD8 /* MarqueeScrollLabel.app */ = {isa = PBXFileReference; explicitFileType = wrapper.application; includeInIndex = 0; path = MarqueeScrollLabel.app; sourceTree = BUILT_PRODUCTS_DIR; };
		C2A9ACB826AF3E4C003D3AD8 /* AppDelegate.swift */ = {isa = PBXFileReference; lastKnownFileType = sourcecode.swift; path = AppDelegate.swift; sourceTree = "<group>"; };
		C2A9ACBA26AF3E4C003D3AD8 /* SceneDelegate.swift */ = {isa = PBXFileReference; lastKnownFileType = sourcecode.swift; path = SceneDelegate.swift; sourceTree = "<group>"; };
		C2A9ACBC26AF3E4C003D3AD8 /* ViewController.swift */ = {isa = PBXFileReference; lastKnownFileType = sourcecode.swift; path = ViewController.swift; sourceTree = "<group>"; };
		C2A9ACBF26AF3E4C003D3AD8 /* Base */ = {isa = PBXFileReference; lastKnownFileType = file.storyboard; name = Base; path = Base.lproj/Main.storyboard; sourceTree = "<group>"; };
		C2A9ACC126AF3E4E003D3AD8 /* Assets.xcassets */ = {isa = PBXFileReference; lastKnownFileType = folder.assetcatalog; path = Assets.xcassets; sourceTree = "<group>"; };
		C2A9ACC426AF3E4E003D3AD8 /* Base */ = {isa = PBXFileReference; lastKnownFileType = file.storyboard; name = Base; path = Base.lproj/LaunchScreen.storyboard; sourceTree = "<group>"; };
		C2A9ACC626AF3E4E003D3AD8 /* Info.plist */ = {isa = PBXFileReference; lastKnownFileType = text.plist.xml; path = Info.plist; sourceTree = "<group>"; };
		C2A9ACCB26AF3E4F003D3AD8 /* MarqueeScrollLabelTests.xctest */ = {isa = PBXFileReference; explicitFileType = wrapper.cfbundle; includeInIndex = 0; path = MarqueeScrollLabelTests.xctest; sourceTree = BUILT_PRODUCTS_DIR; };
		C2A9ACCF26AF3E4F003D3AD8 /* MarqueeScrollLabelTests.swift */ = {isa = PBXFileReference; lastKnownFileType = sourcecode.swift; path = MarqueeScrollLabelTests.swift; sourceTree = "<group>"; };
		C2A9ACD126AF3E4F003D3AD8 /* Info.plist */ = {isa = PBXFileReference; lastKnownFileType = text.plist.xml; path = Info.plist; sourceTree = "<group>"; };
		C2A9ACD626AF3E4F003D3AD8 /* MarqueeScrollLabelUITests.xctest */ = {isa = PBXFileReference; explicitFileType = wrapper.cfbundle; includeInIndex = 0; path = MarqueeScrollLabelUITests.xctest; sourceTree = BUILT_PRODUCTS_DIR; };
		C2A9ACDA26AF3E4F003D3AD8 /* MarqueeScrollLabelUITests.swift */ = {isa = PBXFileReference; lastKnownFileType = sourcecode.swift; path = MarqueeScrollLabelUITests.swift; sourceTree = "<group>"; };
		C2A9ACDC26AF3E4F003D3AD8 /* Info.plist */ = {isa = PBXFileReference; lastKnownFileType = text.plist.xml; path = Info.plist; sourceTree = "<group>"; };
		C2A9ACEC26AF3F4A003D3AD8 /* MarqueeScrollLabel.swift */ = {isa = PBXFileReference; fileEncoding = 4; lastKnownFileType = sourcecode.swift; path = MarqueeScrollLabel.swift; sourceTree = "<group>"; };
/* End PBXFileReference section */

/* Begin PBXFrameworksBuildPhase section */
		C2A9ACB226AF3E4C003D3AD8 /* Frameworks */ = {
			isa = PBXFrameworksBuildPhase;
			buildActionMask = 2147483647;
			files = (
			);
			runOnlyForDeploymentPostprocessing = 0;
		};
		C2A9ACC826AF3E4F003D3AD8 /* Frameworks */ = {
			isa = PBXFrameworksBuildPhase;
			buildActionMask = 2147483647;
			files = (
			);
			runOnlyForDeploymentPostprocessing = 0;
		};
		C2A9ACD326AF3E4F003D3AD8 /* Frameworks */ = {
			isa = PBXFrameworksBuildPhase;
			buildActionMask = 2147483647;
			files = (
			);
			runOnlyForDeploymentPostprocessing = 0;
		};
/* End PBXFrameworksBuildPhase section */

/* Begin PBXGroup section */
		C2A9ACAC26AF3E4C003D3AD8 = {
			isa = PBXGroup;
			children = (
				C2A9ACB726AF3E4C003D3AD8 /* MarqueeScrollLabel */,
				C2A9ACCE26AF3E4F003D3AD8 /* MarqueeScrollLabelTests */,
				C2A9ACD926AF3E4F003D3AD8 /* MarqueeScrollLabelUITests */,
				C2A9ACB626AF3E4C003D3AD8 /* Products */,
			);
			sourceTree = "<group>";
		};
		C2A9ACB626AF3E4C003D3AD8 /* Products */ = {
			isa = PBXGroup;
			children = (
				C2A9ACB526AF3E4C003D3AD8 /* MarqueeScrollLabel.app */,
				C2A9ACCB26AF3E4F003D3AD8 /* MarqueeScrollLabelTests.xctest */,
				C2A9ACD626AF3E4F003D3AD8 /* MarqueeScrollLabelUITests.xctest */,
			);
			name = Products;
			sourceTree = "<group>";
		};
		C2A9ACB726AF3E4C003D3AD8 /* MarqueeScrollLabel */ = {
			isa = PBXGroup;
			children = (
				C2A9ACE826AF3ED6003D3AD8 /* View */,
				C2A9ACB826AF3E4C003D3AD8 /* AppDelegate.swift */,
				C2A9ACBA26AF3E4C003D3AD8 /* SceneDelegate.swift */,
				C2A9ACBC26AF3E4C003D3AD8 /* ViewController.swift */,
				C2A9ACBE26AF3E4C003D3AD8 /* Main.storyboard */,
				C2A9ACC126AF3E4E003D3AD8 /* Assets.xcassets */,
				C2A9ACC326AF3E4E003D3AD8 /* LaunchScreen.storyboard */,
				C2A9ACC626AF3E4E003D3AD8 /* Info.plist */,
			);
			path = MarqueeScrollLabel;
			sourceTree = "<group>";
		};
		C2A9ACCE26AF3E4F003D3AD8 /* MarqueeScrollLabelTests */ = {
			isa = PBXGroup;
			children = (
				C2A9ACCF26AF3E4F003D3AD8 /* MarqueeScrollLabelTests.swift */,
				C2A9ACD126AF3E4F003D3AD8 /* Info.plist */,
			);
			path = MarqueeScrollLabelTests;
			sourceTree = "<group>";
		};
		C2A9ACD926AF3E4F003D3AD8 /* MarqueeScrollLabelUITests */ = {
			isa = PBXGroup;
			children = (
				C2A9ACDA26AF3E4F003D3AD8 /* MarqueeScrollLabelUITests.swift */,
				C2A9ACDC26AF3E4F003D3AD8 /* Info.plist */,
			);
			path = MarqueeScrollLabelUITests;
			sourceTree = "<group>";
		};
		C2A9ACE826AF3ED6003D3AD8 /* View */ = {
			isa = PBXGroup;
			children = (
				C2A9ACEC26AF3F4A003D3AD8 /* MarqueeScrollLabel.swift */,
			);
			path = View;
			sourceTree = "<group>";
		};
/* End PBXGroup section */

/* Begin PBXNativeTarget section */
		C2A9ACB426AF3E4C003D3AD8 /* MarqueeScrollLabel */ = {
			isa = PBXNativeTarget;
			buildConfigurationList = C2A9ACDF26AF3E4F003D3AD8 /* Build configuration list for PBXNativeTarget "MarqueeScrollLabel" */;
			buildPhases = (
				C2A9ACB126AF3E4C003D3AD8 /* Sources */,
				C2A9ACB226AF3E4C003D3AD8 /* Frameworks */,
				C2A9ACB326AF3E4C003D3AD8 /* Resources */,
			);
			buildRules = (
			);
			dependencies = (
			);
			name = MarqueeScrollLabel;
			productName = MarqueeScrollLabel;
			productReference = C2A9ACB526AF3E4C003D3AD8 /* MarqueeScrollLabel.app */;
			productType = "com.apple.product-type.application";
		};
		C2A9ACCA26AF3E4F003D3AD8 /* MarqueeScrollLabelTests */ = {
			isa = PBXNativeTarget;
			buildConfigurationList = C2A9ACE226AF3E4F003D3AD8 /* Build configuration list for PBXNativeTarget "MarqueeScrollLabelTests" */;
			buildPhases = (
				C2A9ACC726AF3E4F003D3AD8 /* Sources */,
				C2A9ACC826AF3E4F003D3AD8 /* Frameworks */,
				C2A9ACC926AF3E4F003D3AD8 /* Resources */,
			);
			buildRules = (
			);
			dependencies = (
				C2A9ACCD26AF3E4F003D3AD8 /* PBXTargetDependency */,
			);
			name = MarqueeScrollLabelTests;
			productName = MarqueeScrollLabelTests;
			productReference = C2A9ACCB26AF3E4F003D3AD8 /* MarqueeScrollLabelTests.xctest */;
			productType = "com.apple.product-type.bundle.unit-test";
		};
		C2A9ACD526AF3E4F003D3AD8 /* MarqueeScrollLabelUITests */ = {
			isa = PBXNativeTarget;
			buildConfigurationList = C2A9ACE526AF3E4F003D3AD8 /* Build configuration list for PBXNativeTarget "MarqueeScrollLabelUITests" */;
			buildPhases = (
				C2A9ACD226AF3E4F003D3AD8 /* Sources */,
				C2A9ACD326AF3E4F003D3AD8 /* Frameworks */,
				C2A9ACD426AF3E4F003D3AD8 /* Resources */,
			);
			buildRules = (
			);
			dependencies = (
				C2A9ACD826AF3E4F003D3AD8 /* PBXTargetDependency */,
			);
			name = MarqueeScrollLabelUITests;
			productName = MarqueeScrollLabelUITests;
			productReference = C2A9ACD626AF3E4F003D3AD8 /* MarqueeScrollLabelUITests.xctest */;
			productType = "com.apple.product-type.bundle.ui-testing";
		};
/* End PBXNativeTarget section */

/* Begin PBXProject section */
		C2A9ACAD26AF3E4C003D3AD8 /* Project object */ = {
			isa = PBXProject;
			attributes = {
				LastSwiftUpdateCheck = 1250;
				LastUpgradeCheck = 1250;
				TargetAttributes = {
					C2A9ACB426AF3E4C003D3AD8 = {
						CreatedOnToolsVersion = 12.5.1;
					};
					C2A9ACCA26AF3E4F003D3AD8 = {
						CreatedOnToolsVersion = 12.5.1;
						TestTargetID = C2A9ACB426AF3E4C003D3AD8;
					};
					C2A9ACD526AF3E4F003D3AD8 = {
						CreatedOnToolsVersion = 12.5.1;
						TestTargetID = C2A9ACB426AF3E4C003D3AD8;
					};
				};
			};
			buildConfigurationList = C2A9ACB026AF3E4C003D3AD8 /* Build configuration list for PBXProject "MarqueeScrollLabel" */;
			compatibilityVersion = "Xcode 9.3";
			developmentRegion = en;
			hasScannedForEncodings = 0;
			knownRegions = (
				en,
				Base,
			);
			mainGroup = C2A9ACAC26AF3E4C003D3AD8;
			productRefGroup = C2A9ACB626AF3E4C003D3AD8 /* Products */;
			projectDirPath = "";
			projectRoot = "";
			targets = (
				C2A9ACB426AF3E4C003D3AD8 /* MarqueeScrollLabel */,
				C2A9ACCA26AF3E4F003D3AD8 /* MarqueeScrollLabelTests */,
				C2A9ACD526AF3E4F003D3AD8 /* MarqueeScrollLabelUITests */,
			);
		};
/* End PBXProject section */

/* Begin PBXResourcesBuildPhase section */
		C2A9ACB326AF3E4C003D3AD8 /* Resources */ = {
			isa = PBXResourcesBuildPhase;
			buildActionMask = 2147483647;
			files = (
				C2A9ACC526AF3E4E003D3AD8 /* LaunchScreen.storyboard in Resources */,
				C2A9ACC226AF3E4E003D3AD8 /* Assets.xcassets in Resources */,
				C2A9ACC026AF3E4C003D3AD8 /* Main.storyboard in Resources */,
			);
			runOnlyForDeploymentPostprocessing = 0;
		};
		C2A9ACC926AF3E4F003D3AD8 /* Resources */ = {
			isa = PBXResourcesBuildPhase;
			buildActionMask = 2147483647;
			files = (
			);
			runOnlyForDeploymentPostprocessing = 0;
		};
		C2A9ACD426AF3E4F003D3AD8 /* Resources */ = {
			isa = PBXResourcesBuildPhase;
			buildActionMask = 2147483647;
			files = (
			);
			runOnlyForDeploymentPostprocessing = 0;
		};
/* End PBXResourcesBuildPhase section */

/* Begin PBXSourcesBuildPhase section */
		C2A9ACB126AF3E4C003D3AD8 /* Sources */ = {
			isa = PBXSourcesBuildPhase;
			buildActionMask = 2147483647;
			files = (
				C2A9ACBD26AF3E4C003D3AD8 /* ViewController.swift in Sources */,
				C2A9ACB926AF3E4C003D3AD8 /* AppDelegate.swift in Sources */,
				C2A9ACED26AF3F4A003D3AD8 /* MarqueeScrollLabel.swift in Sources */,
				C2A9ACBB26AF3E4C003D3AD8 /* SceneDelegate.swift in Sources */,
			);
			runOnlyForDeploymentPostprocessing = 0;
		};
		C2A9ACC726AF3E4F003D3AD8 /* Sources */ = {
			isa = PBXSourcesBuildPhase;
			buildActionMask = 2147483647;
			files = (
				C2A9ACD026AF3E4F003D3AD8 /* MarqueeScrollLabelTests.swift in Sources */,
			);
			runOnlyForDeploymentPostprocessing = 0;
		};
		C2A9ACD226AF3E4F003D3AD8 /* Sources */ = {
			isa = PBXSourcesBuildPhase;
			buildActionMask = 2147483647;
			files = (
				C2A9ACDB26AF3E4F003D3AD8 /* MarqueeScrollLabelUITests.swift in Sources */,
			);
			runOnlyForDeploymentPostprocessing = 0;
		};
/* End PBXSourcesBuildPhase section */

/* Begin PBXTargetDependency section */
		C2A9ACCD26AF3E4F003D3AD8 /* PBXTargetDependency */ = {
			isa = PBXTargetDependency;
			target = C2A9ACB426AF3E4C003D3AD8 /* MarqueeScrollLabel */;
			targetProxy = C2A9ACCC26AF3E4F003D3AD8 /* PBXContainerItemProxy */;
		};
		C2A9ACD826AF3E4F003D3AD8 /* PBXTargetDependency */ = {
			isa = PBXTargetDependency;
			target = C2A9ACB426AF3E4C003D3AD8 /* MarqueeScrollLabel */;
			targetProxy = C2A9ACD726AF3E4F003D3AD8 /* PBXContainerItemProxy */;
		};
/* End PBXTargetDependency section */

/* Begin PBXVariantGroup section */
		C2A9ACBE26AF3E4C003D3AD8 /* Main.storyboard */ = {
			isa = PBXVariantGroup;
			children = (
				C2A9ACBF26AF3E4C003D3AD8 /* Base */,
			);
			name = Main.storyboard;
			sourceTree = "<group>";
		};
		C2A9ACC326AF3E4E003D3AD8 /* LaunchScreen.storyboard */ = {
			isa = PBXVariantGroup;
			children = (
				C2A9ACC426AF3E4E003D3AD8 /* Base */,
			);
			name = LaunchScreen.storyboard;
			sourceTree = "<group>";
		};
/* End PBXVariantGroup section */

/* Begin XCBuildConfiguration section */
		C2A9ACDD26AF3E4F003D3AD8 /* Debug */ = {
			isa = XCBuildConfiguration;
			buildSettings = {
				ALWAYS_SEARCH_USER_PATHS = NO;
				CLANG_ANALYZER_NONNULL = YES;
				CLANG_ANALYZER_NUMBER_OBJECT_CONVERSION = YES_AGGRESSIVE;
				CLANG_CXX_LANGUAGE_STANDARD = "gnu++14";
				CLANG_CXX_LIBRARY = "libc++";
				CLANG_ENABLE_MODULES = YES;
				CLANG_ENABLE_OBJC_ARC = YES;
				CLANG_ENABLE_OBJC_WEAK = YES;
				CLANG_WARN_BLOCK_CAPTURE_AUTORELEASING = YES;
				CLANG_WARN_BOOL_CONVERSION = YES;
				CLANG_WARN_COMMA = YES;
				CLANG_WARN_CONSTANT_CONVERSION = YES;
				CLANG_WARN_DEPRECATED_OBJC_IMPLEMENTATIONS = YES;
				CLANG_WARN_DIRECT_OBJC_ISA_USAGE = YES_ERROR;
				CLANG_WARN_DOCUMENTATION_COMMENTS = YES;
				CLANG_WARN_EMPTY_BODY = YES;
				CLANG_WARN_ENUM_CONVERSION = YES;
				CLANG_WARN_INFINITE_RECURSION = YES;
				CLANG_WARN_INT_CONVERSION = YES;
				CLANG_WARN_NON_LITERAL_NULL_CONVERSION = YES;
				CLANG_WARN_OBJC_IMPLICIT_RETAIN_SELF = YES;
				CLANG_WARN_OBJC_LITERAL_CONVERSION = YES;
				CLANG_WARN_OBJC_ROOT_CLASS = YES_ERROR;
				CLANG_WARN_QUOTED_INCLUDE_IN_FRAMEWORK_HEADER = YES;
				CLANG_WARN_RANGE_LOOP_ANALYSIS = YES;
				CLANG_WARN_STRICT_PROTOTYPES = YES;
				CLANG_WARN_SUSPICIOUS_MOVE = YES;
				CLANG_WARN_UNGUARDED_AVAILABILITY = YES_AGGRESSIVE;
				CLANG_WARN_UNREACHABLE_CODE = YES;
				CLANG_WARN__DUPLICATE_METHOD_MATCH = YES;
				COPY_PHASE_STRIP = NO;
				DEBUG_INFORMATION_FORMAT = dwarf;
				ENABLE_STRICT_OBJC_MSGSEND = YES;
				ENABLE_TESTABILITY = YES;
				GCC_C_LANGUAGE_STANDARD = gnu11;
				GCC_DYNAMIC_NO_PIC = NO;
				GCC_NO_COMMON_BLOCKS = YES;
				GCC_OPTIMIZATION_LEVEL = 0;
				GCC_PREPROCESSOR_DEFINITIONS = (
					"DEBUG=1",
					"$(inherited)",
				);
				GCC_WARN_64_TO_32_BIT_CONVERSION = YES;
				GCC_WARN_ABOUT_RETURN_TYPE = YES_ERROR;
				GCC_WARN_UNDECLARED_SELECTOR = YES;
				GCC_WARN_UNINITIALIZED_AUTOS = YES_AGGRESSIVE;
				GCC_WARN_UNUSED_FUNCTION = YES;
				GCC_WARN_UNUSED_VARIABLE = YES;
				IPHONEOS_DEPLOYMENT_TARGET = 14.5;
				MTL_ENABLE_DEBUG_INFO = INCLUDE_SOURCE;
				MTL_FAST_MATH = YES;
				ONLY_ACTIVE_ARCH = YES;
				SDKROOT = iphoneos;
				SWIFT_ACTIVE_COMPILATION_CONDITIONS = DEBUG;
				SWIFT_OPTIMIZATION_LEVEL = "-Onone";
			};
			name = Debug;
		};
		C2A9ACDE26AF3E4F003D3AD8 /* Release */ = {
			isa = XCBuildConfiguration;
			buildSettings = {
				ALWAYS_SEARCH_USER_PATHS = NO;
				CLANG_ANALYZER_NONNULL = YES;
				CLANG_ANALYZER_NUMBER_OBJECT_CONVERSION = YES_AGGRESSIVE;
				CLANG_CXX_LANGUAGE_STANDARD = "gnu++14";
				CLANG_CXX_LIBRARY = "libc++";
				CLANG_ENABLE_MODULES = YES;
				CLANG_ENABLE_OBJC_ARC = YES;
				CLANG_ENABLE_OBJC_WEAK = YES;
				CLANG_WARN_BLOCK_CAPTURE_AUTORELEASING = YES;
				CLANG_WARN_BOOL_CONVERSION = YES;
				CLANG_WARN_COMMA = YES;
				CLANG_WARN_CONSTANT_CONVERSION = YES;
				CLANG_WARN_DEPRECATED_OBJC_IMPLEMENTATIONS = YES;
				CLANG_WARN_DIRECT_OBJC_ISA_USAGE = YES_ERROR;
				CLANG_WARN_DOCUMENTATION_COMMENTS = YES;
				CLANG_WARN_EMPTY_BODY = YES;
				CLANG_WARN_ENUM_CONVERSION = YES;
				CLANG_WARN_INFINITE_RECURSION = YES;
				CLANG_WARN_INT_CONVERSION = YES;
				CLANG_WARN_NON_LITERAL_NULL_CONVERSION = YES;
				CLANG_WARN_OBJC_IMPLICIT_RETAIN_SELF = YES;
				CLANG_WARN_OBJC_LITERAL_CONVERSION = YES;
				CLANG_WARN_OBJC_ROOT_CLASS = YES_ERROR;
				CLANG_WARN_QUOTED_INCLUDE_IN_FRAMEWORK_HEADER = YES;
				CLANG_WARN_RANGE_LOOP_ANALYSIS = YES;
				CLANG_WARN_STRICT_PROTOTYPES = YES;
				CLANG_WARN_SUSPICIOUS_MOVE = YES;
				CLANG_WARN_UNGUARDED_AVAILABILITY = YES_AGGRESSIVE;
				CLANG_WARN_UNREACHABLE_CODE = YES;
				CLANG_WARN__DUPLICATE_METHOD_MATCH = YES;
				COPY_PHASE_STRIP = NO;
				DEBUG_INFORMATION_FORMAT = "dwarf-with-dsym";
				ENABLE_NS_ASSERTIONS = NO;
				ENABLE_STRICT_OBJC_MSGSEND = YES;
				GCC_C_LANGUAGE_STANDARD = gnu11;
				GCC_NO_COMMON_BLOCKS = YES;
				GCC_WARN_64_TO_32_BIT_CONVERSION = YES;
				GCC_WARN_ABOUT_RETURN_TYPE = YES_ERROR;
				GCC_WARN_UNDECLARED_SELECTOR = YES;
				GCC_WARN_UNINITIALIZED_AUTOS = YES_AGGRESSIVE;
				GCC_WARN_UNUSED_FUNCTION = YES;
				GCC_WARN_UNUSED_VARIABLE = YES;
				IPHONEOS_DEPLOYMENT_TARGET = 14.5;
				MTL_ENABLE_DEBUG_INFO = NO;
				MTL_FAST_MATH = YES;
				SDKROOT = iphoneos;
				SWIFT_COMPILATION_MODE = wholemodule;
				SWIFT_OPTIMIZATION_LEVEL = "-O";
				VALIDATE_PRODUCT = YES;
			};
			name = Release;
		};
		C2A9ACE026AF3E4F003D3AD8 /* Debug */ = {
			isa = XCBuildConfiguration;
			buildSettings = {
				ASSETCATALOG_COMPILER_APPICON_NAME = AppIcon;
				ASSETCATALOG_COMPILER_GLOBAL_ACCENT_COLOR_NAME = AccentColor;
				CODE_SIGN_STYLE = Automatic;
				DEVELOPMENT_TEAM = TKE7M524M9;
				INFOPLIST_FILE = MarqueeScrollLabel/Info.plist;
				IPHONEOS_DEPLOYMENT_TARGET = 13.0;
				LD_RUNPATH_SEARCH_PATHS = (
					"$(inherited)",
					"@executable_path/Frameworks",
				);
				PRODUCT_BUNDLE_IDENTIFIER = com.agolikov.MarqueeScrollLabel;
				PRODUCT_NAME = "$(TARGET_NAME)";
				SWIFT_VERSION = 5.0;
				TARGETED_DEVICE_FAMILY = "1,2";
			};
			name = Debug;
		};
		C2A9ACE126AF3E4F003D3AD8 /* Release */ = {
			isa = XCBuildConfiguration;
			buildSettings = {
				ASSETCATALOG_COMPILER_APPICON_NAME = AppIcon;
				ASSETCATALOG_COMPILER_GLOBAL_ACCENT_COLOR_NAME = AccentColor;
				CODE_SIGN_STYLE = Automatic;
				DEVELOPMENT_TEAM = TKE7M524M9;
				INFOPLIST_FILE = MarqueeScrollLabel/Info.plist;
				IPHONEOS_DEPLOYMENT_TARGET = 13.0;
				LD_RUNPATH_SEARCH_PATHS = (
					"$(inherited)",
					"@executable_path/Frameworks",
				);
				PRODUCT_BUNDLE_IDENTIFIER = com.agolikov.MarqueeScrollLabel;
				PRODUCT_NAME = "$(TARGET_NAME)";
				SWIFT_VERSION = 5.0;
				TARGETED_DEVICE_FAMILY = "1,2";
			};
			name = Release;
		};
		C2A9ACE326AF3E4F003D3AD8 /* Debug */ = {
			isa = XCBuildConfiguration;
			buildSettings = {
				ALWAYS_EMBED_SWIFT_STANDARD_LIBRARIES = YES;
				BUNDLE_LOADER = "$(TEST_HOST)";
				CODE_SIGN_STYLE = Automatic;
				DEVELOPMENT_TEAM = TKE7M524M9;
				INFOPLIST_FILE = MarqueeScrollLabelTests/Info.plist;
				IPHONEOS_DEPLOYMENT_TARGET = 14.5;
				LD_RUNPATH_SEARCH_PATHS = (
					"$(inherited)",
					"@executable_path/Frameworks",
					"@loader_path/Frameworks",
				);
				PRODUCT_BUNDLE_IDENTIFIER = com.agolikov.MarqueeScrollLabelTests;
				PRODUCT_NAME = "$(TARGET_NAME)";
				SWIFT_VERSION = 5.0;
				TARGETED_DEVICE_FAMILY = "1,2";
				TEST_HOST = "$(BUILT_PRODUCTS_DIR)/MarqueeScrollLabel.app/MarqueeScrollLabel";
			};
			name = Debug;
		};
		C2A9ACE426AF3E4F003D3AD8 /* Release */ = {
			isa = XCBuildConfiguration;
			buildSettings = {
				ALWAYS_EMBED_SWIFT_STANDARD_LIBRARIES = YES;
				BUNDLE_LOADER = "$(TEST_HOST)";
				CODE_SIGN_STYLE = Automatic;
				DEVELOPMENT_TEAM = TKE7M524M9;
				INFOPLIST_FILE = MarqueeScrollLabelTests/Info.plist;
				IPHONEOS_DEPLOYMENT_TARGET = 14.5;
				LD_RUNPATH_SEARCH_PATHS = (
					"$(inherited)",
					"@executable_path/Frameworks",
					"@loader_path/Frameworks",
				);
				PRODUCT_BUNDLE_IDENTIFIER = com.agolikov.MarqueeScrollLabelTests;
				PRODUCT_NAME = "$(TARGET_NAME)";
				SWIFT_VERSION = 5.0;
				TARGETED_DEVICE_FAMILY = "1,2";
				TEST_HOST = "$(BUILT_PRODUCTS_DIR)/MarqueeScrollLabel.app/MarqueeScrollLabel";
			};
			name = Release;
		};
		C2A9ACE626AF3E4F003D3AD8 /* Debug */ = {
			isa = XCBuildConfiguration;
			buildSettings = {
				ALWAYS_EMBED_SWIFT_STANDARD_LIBRARIES = YES;
				CODE_SIGN_STYLE = Automatic;
				DEVELOPMENT_TEAM = TKE7M524M9;
				INFOPLIST_FILE = MarqueeScrollLabelUITests/Info.plist;
				LD_RUNPATH_SEARCH_PATHS = (
					"$(inherited)",
					"@executable_path/Frameworks",
					"@loader_path/Frameworks",
				);
				PRODUCT_BUNDLE_IDENTIFIER = com.agolikov.MarqueeScrollLabelUITests;
				PRODUCT_NAME = "$(TARGET_NAME)";
				SWIFT_VERSION = 5.0;
				TARGETED_DEVICE_FAMILY = "1,2";
				TEST_TARGET_NAME = MarqueeScrollLabel;
			};
			name = Debug;
		};
		C2A9ACE726AF3E4F003D3AD8 /* Release */ = {
			isa = XCBuildConfiguration;
			buildSettings = {
				ALWAYS_EMBED_SWIFT_STANDARD_LIBRARIES = YES;
				CODE_SIGN_STYLE = Automatic;
				DEVELOPMENT_TEAM = TKE7M524M9;
				INFOPLIST_FILE = MarqueeScrollLabelUITests/Info.plist;
				LD_RUNPATH_SEARCH_PATHS = (
					"$(inherited)",
					"@executable_path/Frameworks",
					"@loader_path/Frameworks",
				);
				PRODUCT_BUNDLE_IDENTIFIER = com.agolikov.MarqueeScrollLabelUITests;
				PRODUCT_NAME = "$(TARGET_NAME)";
				SWIFT_VERSION = 5.0;
				TARGETED_DEVICE_FAMILY = "1,2";
				TEST_TARGET_NAME = MarqueeScrollLabel;
			};
			name = Release;
		};
/* End XCBuildConfiguration section */

/* Begin XCConfigurationList section */
		C2A9ACB026AF3E4C003D3AD8 /* Build configuration list for PBXProject "MarqueeScrollLabel" */ = {
			isa = XCConfigurationList;
			buildConfigurations = (
				C2A9ACDD26AF3E4F003D3AD8 /* Debug */,
				C2A9ACDE26AF3E4F003D3AD8 /* Release */,
			);
			defaultConfigurationIsVisible = 0;
			defaultConfigurationName = Release;
		};
		C2A9ACDF26AF3E4F003D3AD8 /* Build configuration list for PBXNativeTarget "MarqueeScrollLabel" */ = {
			isa = XCConfigurationList;
			buildConfigurations = (
				C2A9ACE026AF3E4F003D3AD8 /* Debug */,
				C2A9ACE126AF3E4F003D3AD8 /* Release */,
			);
			defaultConfigurationIsVisible = 0;
			defaultConfigurationName = Release;
		};
		C2A9ACE226AF3E4F003D3AD8 /* Build configuration list for PBXNativeTarget "MarqueeScrollLabelTests" */ = {
			isa = XCConfigurationList;
			buildConfigurations = (
				C2A9ACE326AF3E4F003D3AD8 /* Debug */,
				C2A9ACE426AF3E4F003D3AD8 /* Release */,
			);
			defaultConfigurationIsVisible = 0;
			defaultConfigurationName = Release;
		};
		C2A9ACE526AF3E4F003D3AD8 /* Build configuration list for PBXNativeTarget "MarqueeScrollLabelUITests" */ = {
			isa = XCConfigurationList;
			buildConfigurations = (
				C2A9ACE626AF3E4F003D3AD8 /* Debug */,
				C2A9ACE726AF3E4F003D3AD8 /* Release */,
			);
			defaultConfigurationIsVisible = 0;
			defaultConfigurationName = Release;
		};
/* End XCConfigurationList section */
	};
	rootObject = C2A9ACAD26AF3E4C003D3AD8 /* Project object */;
}
